
Microsoft Visual Studio Solution File, Format Version 12.00
# Visual Studio Version 18
VisualStudioVersion = 18.2.11408.102 d18.0
MinimumVisualStudioVersion = 10.0.40219.1
Project("{FAE04EC0-301F-11D3-BF4B-00C04F79EFBC}") = "CodeMerger", "CodeMerger.csproj", "{B9D59CE8-4B7A-370B-5F2B-23D2C2D6C45D}"
EndProject
Global
	GlobalSection(SolutionConfigurationPlatforms) = preSolution
		Debug|Any CPU = Debug|Any CPU
		Release|Any CPU = Release|Any CPU
	EndGlobalSection
	GlobalSection(ProjectConfigurationPlatforms) = postSolution
		{B9D59CE8-4B7A-370B-5F2B-23D2C2D6C45D}.Debug|Any CPU.ActiveCfg = Debug|Any CPU
		{B9D59CE8-4B7A-370B-5F2B-23D2C2D6C45D}.Debug|Any CPU.Build.0 = Debug|Any CPU
		{B9D59CE8-4B7A-370B-5F2B-23D2C2D6C45D}.Release|Any CPU.ActiveCfg = Release|Any CPU
		{B9D59CE8-4B7A-370B-5F2B-23D2C2D6C45D}.Release|Any CPU.Build.0 = Release|Any CPU
	EndGlobalSection
	GlobalSection(SolutionProperties) = preSolution
		HideSolutionNode = FALSE
	EndGlobalSection
	GlobalSection(ExtensibilityGlobals) = postSolution
		SolutionGuid = {47EDDFC3-3603-4737-B117-172AA8B015BB}
	EndGlobalSection
EndGlobal
